Microsoft Visual Studio Solution File, Format Version 11.00
# Visual Studio 2008

Project("{7033812D-625D-0437-FAD3-8AAE61D2F541}") = "narratus", "Assembly-CSharp.csproj", "{D45CFB7A-EAFF-6DB0-86FC-E848D3619FD9}"
EndProject
Global
	GlobalSection(SolutionConfigurationPlatforms) = preSolution
		Debug|Any CPU = Debug|Any CPU
		Release|Any CPU = Release|Any CPU
	EndGlobalSection
	GlobalSection(ProjectConfigurationPlatforms) = postSolution
		{D45CFB7A-EAFF-6DB0-86FC-E848D3619FD9}.Debug|Any CPU.ActiveCfg = Debug|Any CPU
		{D45CFB7A-EAFF-6DB0-86FC-E848D3619FD9}.Debug|Any CPU.Build.0 = Debug|Any CPU
		{D45CFB7A-EAFF-6DB0-86FC-E848D3619FD9}.Release|Any CPU.ActiveCfg = Release|Any CPU
		{D45CFB7A-EAFF-6DB0-86FC-E848D3619FD9}.Release|Any CPU.Build.0 = Release|Any CPU
	EndGlobalSection
	GlobalSection(SolutionProperties) = preSolution
		HideSolutionNode = FALSE
	EndGlobalSection
	GlobalSection(MonoDevelopProperties) = preSolution
		StartupItem = Assembly-CSharp.csproj
	EndGlobalSection
EndGlobal
